
Microsoft Visual Studio Solution File, Format Version 12.00
Project("{FAE04EC0-301F-11D3-BF4B-00C04F79EFBC}") = "Simpleform", "Simpleform.csproj", "{089ED896-0ADE-48E9-8024-462BA1B612EA}"
EndProject
Global
	GlobalSection(SolutionConfigurationPlatforms) = preSolution
		Debug|Any CPU = Debug|Any CPU
		Release|Any CPU = Release|Any CPU
	EndGlobalSection
	GlobalSection(ProjectConfigurationPlatforms) = postSolution
		{089ED896-0ADE-48E9-8024-462BA1B612EA}.Debug|Any CPU.ActiveCfg = Debug|Any CPU
		{089ED896-0ADE-48E9-8024-462BA1B612EA}.Debug|Any CPU.Build.0 = Debug|Any CPU
		{089ED896-0ADE-48E9-8024-462BA1B612EA}.Release|Any CPU.ActiveCfg = Release|Any CPU
		{089ED896-0ADE-48E9-8024-462BA1B612EA}.Release|Any CPU.Build.0 = Release|Any CPU
	EndGlobalSection
EndGlobal
